{
  "nodes": {
    "cmd-on-event": {
      "inputs": {
        "nixpkgs": "nixpkgs_5",
        "sbt": "sbt",
        "systems": "systems_3"
      },
      "locked": {
        "lastModified": 1723358723,
        "narHash": "sha256-RT2fsSLhSOQ/vLwZol4OU1r8X+6ykshRsvROJg140rY=",
        "owner": "coreyoconnor",
        "repo": "cmd-on-event",
        "rev": "bdd6ae4ce5ea1ac548118f9df8babd201050fedb",
        "type": "gitlab"
      },
      "original": {
        "owner": "coreyoconnor",
        "repo": "cmd-on-event",
        "type": "gitlab"
      }
    },
    "cpu-microcodes": {
      "flake": false,
      "locked": {
        "lastModified": 1735409317,
        "narHash": "sha256-08yRkyEKk94ax8KfqRFsffXH8J6DCOCE7vKLvHORWZM=",
        "owner": "platomav",
        "repo": "CPUMicrocodes",
        "rev": "ec5200961ecdf78cf00e55d73902683e835edefd",
        "type": "github"
      },
      "original": {
        "owner": "platomav",
        "repo": "CPUMicrocodes",
        "rev": "ec5200961ecdf78cf00e55d73902683e835edefd",
        "type": "github"
      }
    },
    "deploy-rs": {
      "inputs": {
        "flake-compat": "flake-compat",
        "nixpkgs": "nixpkgs_2",
        "utils": "utils"
      },
      "locked": {
        "lastModified": 1762286984,
        "narHash": "sha256-9I2H9x5We6Pl+DBYHjR1s3UT8wgwcpAH03kn9CqtdQc=",
        "owner": "serokell",
        "repo": "deploy-rs",
        "rev": "9c870f63e28ec1e83305f7f6cb73c941e699f74f",
        "type": "github"
      },
      "original": {
        "owner": "serokell",
        "repo": "deploy-rs",
        "type": "github"
      }
    },
    "devshell": {
      "inputs": {
        "nixpkgs": "nixpkgs_3"
      },
      "locked": {
        "lastModified": 1764011051,
        "narHash": "sha256-M7SZyPZiqZUR/EiiBJnmyUbOi5oE/03tCeFrTiUZchI=",
        "owner": "numtide",
        "repo": "devshell",
        "rev": "17ed8d9744ebe70424659b0ef74ad6d41fc87071",
        "type": "github"
      },
      "original": {
        "owner": "numtide",
        "repo": "devshell",
        "type": "github"
      }
    },
    "flake-compat": {
      "flake": false,
      "locked": {
        "lastModified": 1733328505,
        "narHash": "sha256-NeCCThCEP3eCl2l/+27kNNK7QrwZB1IJCrXfrbv5oqU=",
        "owner": "edolstra",
        "repo": "flake-compat",
        "rev": "ff81ac966bb2cae68946d5ed5fc4994f96d0ffec",
        "type": "github"
      },
      "original": {
        "owner": "edolstra",
        "repo": "flake-compat",
        "type": "github"
      }
    },
    "flake-compat_2": {
      "locked": {
        "lastModified": 1733328505,
        "narHash": "sha256-NeCCThCEP3eCl2l/+27kNNK7QrwZB1IJCrXfrbv5oqU=",
        "rev": "ff81ac966bb2cae68946d5ed5fc4994f96d0ffec",
        "revCount": 69,
        "type": "tarball",
        "url": "https://api.flakehub.com/f/pinned/edolstra/flake-compat/1.1.0/01948eb7-9cba-704f-bbf3-3fa956735b52/source.tar.gz"
      },
      "original": {
        "type": "tarball",
        "url": "https://flakehub.com/f/edolstra/flake-compat/1.tar.gz"
      }
    },
    "flake-compat_3": {
      "flake": false,
      "locked": {
        "lastModified": 1767039857,
        "narHash": "sha256-vNpUSpF5Nuw8xvDLj2KCwwksIbjua2LZCqhV1LNRDns=",
        "owner": "edolstra",
        "repo": "flake-compat",
        "rev": "5edf11c44bc78a0d334f6334cdaf7d60d732daab",
        "type": "github"
      },
      "original": {
        "owner": "edolstra",
        "repo": "flake-compat",
        "type": "github"
      }
    },
    "flake-parts": {
      "inputs": {
        "nixpkgs-lib": "nixpkgs-lib"
      },
      "locked": {
        "lastModified": 1762980239,
        "narHash": "sha256-8oNVE8TrD19ulHinjaqONf9QWCKK+w4url56cdStMpM=",
        "owner": "hercules-ci",
        "repo": "flake-parts",
        "rev": "52a2caecc898d0b46b2b905f058ccc5081f842da",
        "type": "github"
      },
      "original": {
        "owner": "hercules-ci",
        "repo": "flake-parts",
        "type": "github"
      }
    },
    "flake-utils": {
      "inputs": {
        "systems": "systems_2"
      },
      "locked": {
        "lastModified": 1731533236,
        "narHash": "sha256-l0KFg5HjrsfsO/JpG+r7fRrqm12kzFHyUHqHCVpMMbI=",
        "owner": "numtide",
        "repo": "flake-utils",
        "rev": "11707dc2f618dd54ca8739b309ec4fc024de578b",
        "type": "github"
      },
      "original": {
        "owner": "numtide",
        "repo": "flake-utils",
        "type": "github"
      }
    },
    "flake-utils_2": {
      "locked": {
        "lastModified": 1667395993,
        "narHash": "sha256-nuEHfE/LcWyuSWnS8t12N1wc105Qtau+/OdUAjtQ0rA=",
        "owner": "numtide",
        "repo": "flake-utils",
        "rev": "5aed5285a952e0b949eb3ba02c12fa4fcfef535f",
        "type": "github"
      },
      "original": {
        "owner": "numtide",
        "repo": "flake-utils",
        "type": "github"
      }
    },
    "flake-utils_3": {
      "inputs": {
        "systems": "systems_4"
      },
      "locked": {
        "lastModified": 1731533236,
        "narHash": "sha256-l0KFg5HjrsfsO/JpG+r7fRrqm12kzFHyUHqHCVpMMbI=",
        "owner": "numtide",
        "repo": "flake-utils",
        "rev": "11707dc2f618dd54ca8739b309ec4fc024de578b",
        "type": "github"
      },
      "original": {
        "owner": "numtide",
        "repo": "flake-utils",
        "type": "github"
      }
    },
    "flake-utils_4": {
      "inputs": {
        "systems": "systems_5"
      },
      "locked": {
        "lastModified": 1731533236,
        "narHash": "sha256-l0KFg5HjrsfsO/JpG+r7fRrqm12kzFHyUHqHCVpMMbI=",
        "owner": "numtide",
        "repo": "flake-utils",
        "rev": "11707dc2f618dd54ca8739b309ec4fc024de578b",
        "type": "github"
      },
      "original": {
        "owner": "numtide",
        "repo": "flake-utils",
        "type": "github"
      }
    },
    "flake-utils_5": {
      "inputs": {
        "systems": [
          "sway-gnome",
          "swayfx",
          "systems"
        ]
      },
      "locked": {
        "lastModified": 1731533236,
        "narHash": "sha256-l0KFg5HjrsfsO/JpG+r7fRrqm12kzFHyUHqHCVpMMbI=",
        "owner": "numtide",
        "repo": "flake-utils",
        "rev": "11707dc2f618dd54ca8739b309ec4fc024de578b",
        "type": "github"
      },
      "original": {
        "owner": "numtide",
        "repo": "flake-utils",
        "type": "github"
      }
    },
    "flake-utils_6": {
      "inputs": {
        "systems": "systems_9"
      },
      "locked": {
        "lastModified": 1731533236,
        "narHash": "sha256-l0KFg5HjrsfsO/JpG+r7fRrqm12kzFHyUHqHCVpMMbI=",
        "owner": "numtide",
        "repo": "flake-utils",
        "rev": "11707dc2f618dd54ca8739b309ec4fc024de578b",
        "type": "github"
      },
      "original": {
        "owner": "numtide",
        "repo": "flake-utils",
        "type": "github"
      }
    },
    "flameshot": {
      "inputs": {
        "flake-compat": "flake-compat_2",
        "flake-parts": "flake-parts",
        "nixpkgs": [
          "sway-gnome",
          "nixpkgs-unstable"
        ],
        "systems": "systems_6",
        "treefmt-nix": "treefmt-nix"
      },
      "locked": {
        "lastModified": 1775607803,
        "narHash": "sha256-jtu3vM3EORyPhoAHkvgf1fFTSCIQ59ieDy53CAnIbgc=",
        "owner": "flameshot-org",
        "repo": "flameshot",
        "rev": "526fb82c8152a9be38522ae985d30ab866ff7946",
        "type": "github"
      },
      "original": {
        "owner": "flameshot-org",
        "ref": "master",
        "repo": "flameshot",
        "type": "github"
      }
    },
    "nix-kube-modules": {
      "inputs": {
        "nixpkgs": "nixpkgs"
      },
      "locked": {
        "lastModified": 1684945214,
        "narHash": "sha256-dR+By8wsmE6+5BlEP3zsTDkOiY1rBYRlrw9BSHg3DCk=",
        "owner": "coreyoconnor",
        "repo": "nix-kube-modules",
        "rev": "b83ca57ca1b3c1c874e5c38a3826fc9a466bf665",
        "type": "github"
      },
      "original": {
        "owner": "coreyoconnor",
        "repo": "nix-kube-modules",
        "type": "github"
      }
    },
    "nix_configs": {
      "inputs": {
        "deploy-rs": "deploy-rs",
        "devshell": "devshell",
        "flake-utils": "flake-utils",
        "nixpkgs": [
          "nixpkgs"
        ],
        "nixpkgs-unstable": [
          "nixpkgs-unstable"
        ]
      },
      "locked": {
        "lastModified": 1768366188,
        "narHash": "sha256-YehAyeLUECsgQU2QwMbi8I6SdE7Fi31UOQLH/2UB+FU=",
        "owner": "coreyoconnor",
        "repo": "nix_configs",
        "rev": "5962443ded779c5c226bc63a1169b9114ddc6209",
        "type": "github"
      },
      "original": {
        "owner": "coreyoconnor",
        "ref": "dev",
        "repo": "nix_configs",
        "type": "github"
      }
    },
    "nixos-hardware": {
      "locked": {
        "lastModified": 1778373200,
        "narHash": "sha256-cTkODgWBwYV26TFS09Vkt1r5SrN+2ZKEdFCbaKs66X8=",
        "owner": "coreyoconnor",
        "repo": "nixos-hardware",
        "rev": "d18e3e1eaead0d0a1e814155ae976df1db223568",
        "type": "github"
      },
      "original": {
        "owner": "coreyoconnor",
        "ref": "main",
        "repo": "nixos-hardware",
        "type": "github"
      }
    },
    "nixpkgs": {
      "locked": {
        "lastModified": 1669809720,
        "narHash": "sha256-RMT77f6CPOYtLLQ2esj+EJ1BPVWxf4RDidjrSvA5OhI=",
        "owner": "NixOS",
        "repo": "nixpkgs",
        "rev": "227de2b3bbec142f912c09d5e8a1b4e778aa54fb",
        "type": "github"
      },
      "original": {
        "id": "nixpkgs",
        "type": "indirect"
      }
    },
    "nixpkgs-lib": {
      "locked": {
        "lastModified": 1761765539,
        "narHash": "sha256-b0yj6kfvO8ApcSE+QmA6mUfu8IYG6/uU28OFn4PaC8M=",
        "owner": "nix-community",
        "repo": "nixpkgs.lib",
        "rev": "719359f4562934ae99f5443f20aa06c2ffff91fc",
        "type": "github"
      },
      "original": {
        "owner": "nix-community",
        "repo": "nixpkgs.lib",
        "type": "github"
      }
    },
    "nixpkgs-unstable": {
      "locked": {
        "lastModified": 1771555102,
        "narHash": "sha256-DJgJ7BR7Yz+cIFbUOVWyK4oCsh2V+euxXOpELO6sK0c=",
        "owner": "NixOS",
        "repo": "nixpkgs",
        "rev": "77456878f3cf1dfce0f9abdf73873ecc9a1a4728",
        "type": "github"
      },
      "original": {
        "owner": "NixOS",
        "ref": "master",
        "repo": "nixpkgs",
        "type": "github"
      }
    },
    "nixpkgs_2": {
      "locked": {
        "lastModified": 1743014863,
        "narHash": "sha256-jAIUqsiN2r3hCuHji80U7NNEafpIMBXiwKlSrjWMlpg=",
        "owner": "NixOS",
        "repo": "nixpkgs",
        "rev": "bd3bac8bfb542dbde7ffffb6987a1a1f9d41699f",
        "type": "github"
      },
      "original": {
        "owner": "NixOS",
        "ref": "nixpkgs-unstable",
        "repo": "nixpkgs",
        "type": "github"
      }
    },
    "nixpkgs_3": {
      "locked": {
        "lastModified": 1762156382,
        "narHash": "sha256-Yg7Ag7ov5+36jEFC1DaZh/12SEXo6OO3/8rqADRxiqs=",
        "owner": "NixOS",
        "repo": "nixpkgs",
        "rev": "7241bcbb4f099a66aafca120d37c65e8dda32717",
        "type": "github"
      },
      "original": {
        "owner": "NixOS",
        "ref": "nixpkgs-unstable",
        "repo": "nixpkgs",
        "type": "github"
      }
    },
    "nixpkgs_4": {
      "locked": {
        "lastModified": 1777737132,
        "narHash": "sha256-+WGDjKOWBDotFLoOdmvh8DmJkJkkq16r5grjiXN5m8M=",
        "owner": "coreyoconnor",
        "repo": "nixpkgs",
        "rev": "5e372503de4823359aa918d3791ad6b85ffa2f40",
        "type": "github"
      },
      "original": {
        "owner": "coreyoconnor",
        "ref": "main",
        "repo": "nixpkgs",
        "type": "github"
      }
    },
    "nixpkgs_5": {
      "locked": {
        "lastModified": 1723357603,
        "narHash": "sha256-oOJUNR6klinUH9xF5yypc5jmatwqKhTEd7TzoYX6PKc=",
        "owner": "NixOS",
        "repo": "nixpkgs",
        "rev": "1d215eb380176a7745529565f96076476ee558a1",
        "type": "github"
      },
      "original": {
        "owner": "NixOS",
        "repo": "nixpkgs",
        "type": "github"
      }
    },
    "nixpkgs_6": {
      "locked": {
        "lastModified": 1761236834,
        "narHash": "sha256-+pthv6hrL5VLW2UqPdISGuLiUZ6SnAXdd2DdUE+fV2Q=",
        "owner": "nixos",
        "repo": "nixpkgs",
        "rev": "d5faa84122bc0a1fd5d378492efce4e289f8eac1",
        "type": "github"
      },
      "original": {
        "owner": "nixos",
        "ref": "nixpkgs-unstable",
        "repo": "nixpkgs",
        "type": "github"
      }
    },
    "nixpkgs_7": {
      "locked": {
        "lastModified": 1767767207,
        "narHash": "sha256-Mj3d3PfwltLmukFal5i3fFt27L6NiKXdBezC1EBuZs4=",
        "owner": "NixOS",
        "repo": "nixpkgs",
        "rev": "5912c1772a44e31bf1c63c0390b90501e5026886",
        "type": "github"
      },
      "original": {
        "owner": "NixOS",
        "ref": "nixos-unstable",
        "repo": "nixpkgs",
        "type": "github"
      }
    },
    "retronix": {
      "inputs": {
        "cmd-on-event": "cmd-on-event",
        "flake-utils": "flake-utils_3",
        "nixpkgs": [
          "nixpkgs"
        ]
      },
      "locked": {
        "lastModified": 1775748101,
        "narHash": "sha256-Vk7EAS3hEfMvhKvTb5xjAAoo4h4rDUqjzoPyTdvfJTM=",
        "owner": "coreyoconnor",
        "repo": "retronix",
        "rev": "5e3ded32216fac64c8a1ca6ae74e46550ddfe191",
        "type": "github"
      },
      "original": {
        "owner": "coreyoconnor",
        "ref": "main",
        "repo": "retronix",
        "type": "github"
      }
    },
    "root": {
      "inputs": {
        "cpu-microcodes": "cpu-microcodes",
        "nix-kube-modules": "nix-kube-modules",
        "nix_configs": "nix_configs",
        "nixos-hardware": "nixos-hardware",
        "nixpkgs": "nixpkgs_4",
        "nixpkgs-unstable": "nixpkgs-unstable",
        "retronix": "retronix",
        "sway-gnome": "sway-gnome",
        "ucodenix": "ucodenix",
        "voxtype": "voxtype"
      }
    },
    "sbt": {
      "inputs": {
        "flake-utils": "flake-utils_2",
        "nixpkgs": [
          "retronix",
          "cmd-on-event",
          "nixpkgs"
        ]
      },
      "locked": {
        "lastModified": 1698464090,
        "narHash": "sha256-Pnej7WZIPomYWg8f/CZ65sfW85IfIUjYhphMMg7/LT0=",
        "owner": "zaninime",
        "repo": "sbt-derivation",
        "rev": "6762cf2c31de50efd9ff905cbcc87239995a4ef9",
        "type": "github"
      },
      "original": {
        "owner": "zaninime",
        "ref": "master",
        "repo": "sbt-derivation",
        "type": "github"
      }
    },
    "scenefx": {
      "inputs": {
        "flake-utils": [
          "sway-gnome",
          "swayfx",
          "flake-utils"
        ],
        "nixpkgs": [
          "sway-gnome",
          "swayfx",
          "nixpkgs"
        ],
        "systems": "systems_7"
      },
      "locked": {
        "lastModified": 1771859266,
        "narHash": "sha256-sUd6r/2cZ4slc6HB151LnEaf7b7g4bbYB36ADoYk564=",
        "owner": "wlrfx",
        "repo": "scenefx",
        "rev": "bb223e3e94b4576f514df96d03ff0680384a4e20",
        "type": "github"
      },
      "original": {
        "owner": "wlrfx",
        "repo": "scenefx",
        "type": "github"
      }
    },
    "sway-gnome": {
      "inputs": {
        "flake-utils": "flake-utils_4",
        "flameshot": "flameshot",
        "nixpkgs": [
          "nixpkgs"
        ],
        "nixpkgs-unstable": [
          "nixpkgs-unstable"
        ],
        "swayfx": "swayfx",
        "waybar": "waybar"
      },
      "locked": {
        "lastModified": 1775748048,
        "narHash": "sha256-6DxUI1ufntBenUI5fJ1oR8IDkWatCDsqN9apkRTr68o=",
        "owner": "coreyoconnor",
        "repo": "sway-gnome",
        "rev": "f17dbbec60f2be252a966a1766c8099c148fd3a9",
        "type": "github"
      },
      "original": {
        "owner": "coreyoconnor",
        "ref": "dev",
        "repo": "sway-gnome",
        "type": "github"
      }
    },
    "swayfx": {
      "inputs": {
        "flake-utils": "flake-utils_5",
        "nixpkgs": [
          "sway-gnome",
          "nixpkgs-unstable"
        ],
        "scenefx": "scenefx",
        "systems": "systems_8"
      },
      "locked": {
        "lastModified": 1772835103,
        "narHash": "sha256-4A4DEMDxJgPbbszLVdnlhFsvQS73X91dANZN0wbrX6g=",
        "owner": "WillPower3309",
        "repo": "swayfx",
        "rev": "434d992494da97e46071618f56a527656d23161a",
        "type": "github"
      },
      "original": {
        "owner": "WillPower3309",
        "ref": "master",
        "repo": "swayfx",
        "type": "github"
      }
    },
    "systems": {
      "locked": {
        "lastModified": 1681028828,
        "narHash": "sha256-Vy1rq5AaRuLzOxct8nz4T6wlgyUR7zLU309k9mBC768=",
        "owner": "nix-systems",
        "repo": "default",
        "rev": "da67096a3b9bf56a91d16901293e51ba5b49a27e",
        "type": "github"
      },
      "original": {
        "owner": "nix-systems",
        "repo": "default",
        "type": "github"
      }
    },
    "systems_2": {
      "locked": {
        "lastModified": 1681028828,
        "narHash": "sha256-Vy1rq5AaRuLzOxct8nz4T6wlgyUR7zLU309k9mBC768=",
        "owner": "nix-systems",
        "repo": "default",
        "rev": "da67096a3b9bf56a91d16901293e51ba5b49a27e",
        "type": "github"
      },
      "original": {
        "owner": "nix-systems",
        "repo": "default",
        "type": "github"
      }
    },
    "systems_3": {
      "locked": {
        "lastModified": 1681028828,
        "narHash": "sha256-Vy1rq5AaRuLzOxct8nz4T6wlgyUR7zLU309k9mBC768=",
        "owner": "nix-systems",
        "repo": "default",
        "rev": "da67096a3b9bf56a91d16901293e51ba5b49a27e",
        "type": "github"
      },
      "original": {
        "owner": "nix-systems",
        "repo": "default",
        "type": "github"
      }
    },
    "systems_4": {
      "locked": {
        "lastModified": 1681028828,
        "narHash": "sha256-Vy1rq5AaRuLzOxct8nz4T6wlgyUR7zLU309k9mBC768=",
        "owner": "nix-systems",
        "repo": "default",
        "rev": "da67096a3b9bf56a91d16901293e51ba5b49a27e",
        "type": "github"
      },
      "original": {
        "owner": "nix-systems",
        "repo": "default",
        "type": "github"
      }
    },
    "systems_5": {
      "locked": {
        "lastModified": 1681028828,
        "narHash": "sha256-Vy1rq5AaRuLzOxct8nz4T6wlgyUR7zLU309k9mBC768=",
        "owner": "nix-systems",
        "repo": "default",
        "rev": "da67096a3b9bf56a91d16901293e51ba5b49a27e",
        "type": "github"
      },
      "original": {
        "owner": "nix-systems",
        "repo": "default",
        "type": "github"
      }
    },
    "systems_6": {
      "locked": {
        "lastModified": 1681028828,
        "narHash": "sha256-Vy1rq5AaRuLzOxct8nz4T6wlgyUR7zLU309k9mBC768=",
        "owner": "nix-systems",
        "repo": "default",
        "rev": "da67096a3b9bf56a91d16901293e51ba5b49a27e",
        "type": "github"
      },
      "original": {
        "owner": "nix-systems",
        "repo": "default",
        "type": "github"
      }
    },
    "systems_7": {
      "locked": {
        "lastModified": 1689347949,
        "narHash": "sha256-12tWmuL2zgBgZkdoB6qXZsgJEH9LR3oUgpaQq2RbI80=",
        "owner": "nix-systems",
        "repo": "default-linux",
        "rev": "31732fcf5e8fea42e59c2488ad31a0e651500f68",
        "type": "github"
      },
      "original": {
        "owner": "nix-systems",
        "repo": "default-linux",
        "type": "github"
      }
    },
    "systems_8": {
      "locked": {
        "lastModified": 1689347949,
        "narHash": "sha256-12tWmuL2zgBgZkdoB6qXZsgJEH9LR3oUgpaQq2RbI80=",
        "owner": "nix-systems",
        "repo": "default-linux",
        "rev": "31732fcf5e8fea42e59c2488ad31a0e651500f68",
        "type": "github"
      },
      "original": {
        "owner": "nix-systems",
        "repo": "default-linux",
        "type": "github"
      }
    },
    "systems_9": {
      "locked": {
        "lastModified": 1681028828,
        "narHash": "sha256-Vy1rq5AaRuLzOxct8nz4T6wlgyUR7zLU309k9mBC768=",
        "owner": "nix-systems",
        "repo": "default",
        "rev": "da67096a3b9bf56a91d16901293e51ba5b49a27e",
        "type": "github"
      },
      "original": {
        "owner": "nix-systems",
        "repo": "default",
        "type": "github"
      }
    },
    "treefmt-nix": {
      "inputs": {
        "nixpkgs": "nixpkgs_6"
      },
      "locked": {
        "lastModified": 1762938485,
        "narHash": "sha256-AlEObg0syDl+Spi4LsZIBrjw+snSVU4T8MOeuZJUJjM=",
        "owner": "numtide",
        "repo": "treefmt-nix",
        "rev": "5b4ee75aeefd1e2d5a1cc43cf6ba65eba75e83e4",
        "type": "github"
      },
      "original": {
        "owner": "numtide",
        "repo": "treefmt-nix",
        "type": "github"
      }
    },
    "ucodenix": {
      "inputs": {
        "cpu-microcodes": [
          "cpu-microcodes"
        ]
      },
      "locked": {
        "lastModified": 1774278023,
        "narHash": "sha256-CdAsDvDYKanRvtvGOn/E2KjrrZk9Cu/eNdvCVynwzPQ=",
        "owner": "e-tho",
        "repo": "ucodenix",
        "rev": "b04dc47972b80e538b81892b957ecce281430d33",
        "type": "github"
      },
      "original": {
        "owner": "e-tho",
        "repo": "ucodenix",
        "type": "github"
      }
    },
    "utils": {
      "inputs": {
        "systems": "systems"
      },
      "locked": {
        "lastModified": 1731533236,
        "narHash": "sha256-l0KFg5HjrsfsO/JpG+r7fRrqm12kzFHyUHqHCVpMMbI=",
        "owner": "numtide",
        "repo": "flake-utils",
        "rev": "11707dc2f618dd54ca8739b309ec4fc024de578b",
        "type": "github"
      },
      "original": {
        "owner": "numtide",
        "repo": "flake-utils",
        "type": "github"
      }
    },
    "voxtype": {
      "inputs": {
        "flake-utils": "flake-utils_6",
        "nixpkgs": "nixpkgs_7"
      },
      "locked": {
        "lastModified": 1775005293,
        "narHash": "sha256-gY5gP+F3SbCZsG/jaOHnEu291q6akg1M5c4BebRSpvI=",
        "owner": "peteonrails",
        "repo": "voxtype",
        "rev": "ec2e073a539afcdfdc6406501860fea4c465b7a0",
        "type": "github"
      },
      "original": {
        "owner": "peteonrails",
        "ref": "main",
        "repo": "voxtype",
        "type": "github"
      }
    },
    "waybar": {
      "inputs": {
        "flake-compat": "flake-compat_3",
        "nixpkgs": [
          "sway-gnome",
          "nixpkgs-unstable"
        ]
      },
      "locked": {
        "lastModified": 1775558724,
        "narHash": "sha256-tjZmQ+H9osk0MA7LB/JBCO8K+dzqNmxdjU2mbVRUsQ8=",
        "owner": "Alexays",
        "repo": "Waybar",
        "rev": "202ae4bd5f2d8865704761211b3004d2fcd2d7d8",
        "type": "github"
      },
      "original": {
        "owner": "Alexays",
        "ref": "master",
        "repo": "Waybar",
        "type": "github"
      }
    }
  },
  "root": "root",
  "version": 7
}
